Microsoft Visual Studio Solution File, Format Version 12.00
# Visual Studio Version 16
VisualStudioVersion = 16.0.28822.285
MinimumVisualStudioVersion = 10.0.40219.1
Project("{9A19103F-16F7-4668-BE54-9A1E7A4F7556}") = "CarDealer", "CarDealer\CarDealer.csproj", "{DA177C2D-4C2F-4A86-9E51-7F143DFFF8D8}"
EndProject
Project("{E53339B2-1760-4266-BCC7-CA923CBCF16C}") = "docker-compose", "docker-compose.dcproj", "{8B7FFA96-5767-43C9-9839-ADB7DE825BC0}"
EndProject
Global
	GlobalSection(SolutionConfigurationPlatforms) = preSolution
		Debug|Any CPU = Debug|Any CPU
		Release|Any CPU = Release|Any CPU
	EndGlobalSection
	GlobalSection(ProjectConfigurationPlatforms) = postSolution
		{DA177C2D-4C2F-4A86-9E51-7F143DFFF8D8}.Debug|Any CPU.ActiveCfg = Debug|Any CPU
		{DA177C2D-4C2F-4A86-9E51-7F143DFFF8D8}.Debug|Any CPU.Build.0 = Debug|Any CPU
		{DA177C2D-4C2F-4A86-9E51-7F143DFFF8D8}.Release|Any CPU.ActiveCfg = Release|Any CPU
		{DA177C2D-4C2F-4A86-9E51-7F143DFFF8D8}.Release|Any CPU.Build.0 = Release|Any CPU
		{8B7FFA96-5767-43C9-9839-ADB7DE825BC0}.Debug|Any CPU.ActiveCfg = Debug|Any CPU
		{8B7FFA96-5767-43C9-9839-ADB7DE825BC0}.Debug|Any CPU.Build.0 = Debug|Any CPU
		{8B7FFA96-5767-43C9-9839-ADB7DE825BC0}.Release|Any CPU.ActiveCfg = Release|Any CPU
		{8B7FFA96-5767-43C9-9839-ADB7DE825BC0}.Release|Any CPU.Build.0 = Release|Any CPU
	EndGlobalSection
	GlobalSection(SolutionProperties) = preSolution
		HideSolutionNode = FALSE
	EndGlobalSection
	GlobalSection(ExtensibilityGlobals) = postSolution
		SolutionGuid = {2E7B08EB-2667-46AF-A694-4D7FABD9C176}
	EndGlobalSection
EndGlobal
